
Microsoft Visual Studio Solution File, Format Version 11.00
# Visual Studio 2010
Project("{FAE04EC0-301F-11D3-BF4B-00C04F79EFBC}") = "ScheduleWorks.UI", "ScheduleWorks.UI\ScheduleWorks.UI.csproj", "{DA6D8A75-E2C5-4EC8-AA27-802AF785B3D6}"
EndProject
Project("{FAE04EC0-301F-11D3-BF4B-00C04F79EFBC}") = "ScheduleWorks.Algorithm", "ScheduleWorks.Algorithm\ScheduleWorks.Algorithm.csproj", "{BF43E6B8-8216-4F91-BE7A-66727A6C916C}"
EndProject
Project("{FAE04EC0-301F-11D3-BF4B-00C04F79EFBC}") = "ScheduleWorks.Core", "ScheduleWorks.Core\ScheduleWorks.Core.csproj", "{04E4E692-0626-4567-B184-14EF5262A9E6}"
	ProjectSection(ProjectDependencies) = postProject
		{DA6D8A75-E2C5-4EC8-AA27-802AF785B3D6} = {DA6D8A75-E2C5-4EC8-AA27-802AF785B3D6}
		{BF43E6B8-8216-4F91-BE7A-66727A6C916C} = {BF43E6B8-8216-4F91-BE7A-66727A6C916C}
	EndProjectSection
EndProject
Project("{FAE04EC0-301F-11D3-BF4B-00C04F79EFBC}") = "ScheduleWorks.DBImport", "ScheduleWorks.DBImport\ScheduleWorks.DBImport.csproj", "{52EA4CEE-EA09-49D9-930D-457627F6DAAE}"
EndProject
Project("{FAE04EC0-301F-11D3-BF4B-00C04F79EFBC}") = "ScheduleWorks.Utility", "ScheduleWorks.Utility\ScheduleWorks.Utility.csproj", "{A71F0278-1E5D-4C13-8242-1BA68559A8BB}"
EndProject
Project("{54435603-DBB4-11D2-8724-00A0C9A8B90C}") = "ScheduleWorks.Installator", "ScheduleWorks.Installator\ScheduleWorks.Installator.vdproj", "{0618233A-C84F-49E2-9DA7-364160F68436}"
EndProject
Global
	GlobalSection(SolutionConfigurationPlatforms) = preSolution
		Debug|Any CPU = Debug|Any CPU
		Debug|Mixed Platforms = Debug|Mixed Platforms
		Debug|x86 = Debug|x86
		Release|Any CPU = Release|Any CPU
		Release|Mixed Platforms = Release|Mixed Platforms
		Release|x86 = Release|x86
	EndGlobalSection
	GlobalSection(ProjectConfigurationPlatforms) = postSolution
		{DA6D8A75-E2C5-4EC8-AA27-802AF785B3D6}.Debug|Any CPU.ActiveCfg = Debug|x86
		{DA6D8A75-E2C5-4EC8-AA27-802AF785B3D6}.Debug|Mixed Platforms.ActiveCfg = Debug|x86
		{DA6D8A75-E2C5-4EC8-AA27-802AF785B3D6}.Debug|Mixed Platforms.Build.0 = Debug|x86
		{DA6D8A75-E2C5-4EC8-AA27-802AF785B3D6}.Debug|x86.ActiveCfg = Debug|x86
		{DA6D8A75-E2C5-4EC8-AA27-802AF785B3D6}.Debug|x86.Build.0 = Debug|x86
		{DA6D8A75-E2C5-4EC8-AA27-802AF785B3D6}.Release|Any CPU.ActiveCfg = Release|x86
		{DA6D8A75-E2C5-4EC8-AA27-802AF785B3D6}.Release|Mixed Platforms.ActiveCfg = Release|x86
		{DA6D8A75-E2C5-4EC8-AA27-802AF785B3D6}.Release|Mixed Platforms.Build.0 = Release|x86
		{DA6D8A75-E2C5-4EC8-AA27-802AF785B3D6}.Release|x86.ActiveCfg = Release|x86
		{DA6D8A75-E2C5-4EC8-AA27-802AF785B3D6}.Release|x86.Build.0 = Release|x86
		{BF43E6B8-8216-4F91-BE7A-66727A6C916C}.Debug|Any CPU.ActiveCfg = Debug|Any CPU
		{BF43E6B8-8216-4F91-BE7A-66727A6C916C}.Debug|Any CPU.Build.0 = Debug|Any CPU
		{BF43E6B8-8216-4F91-BE7A-66727A6C916C}.Debug|Mixed Platforms.ActiveCfg = Debug|Any CPU
		{BF43E6B8-8216-4F91-BE7A-66727A6C916C}.Debug|Mixed Platforms.Build.0 = Debug|Any CPU
		{BF43E6B8-8216-4F91-BE7A-66727A6C916C}.Debug|x86.ActiveCfg = Debug|Any CPU
		{BF43E6B8-8216-4F91-BE7A-66727A6C916C}.Release|Any CPU.ActiveCfg = Release|Any CPU
		{BF43E6B8-8216-4F91-BE7A-66727A6C916C}.Release|Any CPU.Build.0 = Release|Any CPU
		{BF43E6B8-8216-4F91-BE7A-66727A6C916C}.Release|Mixed Platforms.ActiveCfg = Release|Any CPU
		{BF43E6B8-8216-4F91-BE7A-66727A6C916C}.Release|Mixed Platforms.Build.0 = Release|Any CPU
		{BF43E6B8-8216-4F91-BE7A-66727A6C916C}.Release|x86.ActiveCfg = Release|Any CPU
		{04E4E692-0626-4567-B184-14EF5262A9E6}.Debug|Any CPU.ActiveCfg = Debug|x86
		{04E4E692-0626-4567-B184-14EF5262A9E6}.Debug|Mixed Platforms.ActiveCfg = Debug|x86
		{04E4E692-0626-4567-B184-14EF5262A9E6}.Debug|Mixed Platforms.Build.0 = Debug|x86
		{04E4E692-0626-4567-B184-14EF5262A9E6}.Debug|x86.ActiveCfg = Debug|x86
		{04E4E692-0626-4567-B184-14EF5262A9E6}.Debug|x86.Build.0 = Debug|x86
		{04E4E692-0626-4567-B184-14EF5262A9E6}.Release|Any CPU.ActiveCfg = Release|x86
		{04E4E692-0626-4567-B184-14EF5262A9E6}.Release|Mixed Platforms.ActiveCfg = Release|x86
		{04E4E692-0626-4567-B184-14EF5262A9E6}.Release|Mixed Platforms.Build.0 = Release|x86
		{04E4E692-0626-4567-B184-14EF5262A9E6}.Release|x86.ActiveCfg = Release|x86
		{04E4E692-0626-4567-B184-14EF5262A9E6}.Release|x86.Build.0 = Release|x86
		{52EA4CEE-EA09-49D9-930D-457627F6DAAE}.Debug|Any CPU.ActiveCfg = Debug|Any CPU
		{52EA4CEE-EA09-49D9-930D-457627F6DAAE}.Debug|Any CPU.Build.0 = Debug|Any CPU
		{52EA4CEE-EA09-49D9-930D-457627F6DAAE}.Debug|Mixed Platforms.ActiveCfg = Debug|Any CPU
		{52EA4CEE-EA09-49D9-930D-457627F6DAAE}.Debug|Mixed Platforms.Build.0 = Debug|Any CPU
		{52EA4CEE-EA09-49D9-930D-457627F6DAAE}.Debug|x86.ActiveCfg = Debug|Any CPU
		{52EA4CEE-EA09-49D9-930D-457627F6DAAE}.Release|Any CPU.ActiveCfg = Release|Any CPU
		{52EA4CEE-EA09-49D9-930D-457627F6DAAE}.Release|Any CPU.Build.0 = Release|Any CPU
		{52EA4CEE-EA09-49D9-930D-457627F6DAAE}.Release|Mixed Platforms.ActiveCfg = Release|Any CPU
		{52EA4CEE-EA09-49D9-930D-457627F6DAAE}.Release|Mixed Platforms.Build.0 = Release|Any CPU
		{52EA4CEE-EA09-49D9-930D-457627F6DAAE}.Release|x86.ActiveCfg = Release|Any CPU
		{A71F0278-1E5D-4C13-8242-1BA68559A8BB}.Debug|Any CPU.ActiveCfg = Debug|Any CPU
		{A71F0278-1E5D-4C13-8242-1BA68559A8BB}.Debug|Any CPU.Build.0 = Debug|Any CPU
		{A71F0278-1E5D-4C13-8242-1BA68559A8BB}.Debug|Mixed Platforms.ActiveCfg = Debug|Any CPU
		{A71F0278-1E5D-4C13-8242-1BA68559A8BB}.Debug|Mixed Platforms.Build.0 = Debug|Any CPU
		{A71F0278-1E5D-4C13-8242-1BA68559A8BB}.Debug|x86.ActiveCfg = Debug|Any CPU
		{A71F0278-1E5D-4C13-8242-1BA68559A8BB}.Release|Any CPU.ActiveCfg = Release|Any CPU
		{A71F0278-1E5D-4C13-8242-1BA68559A8BB}.Release|Any CPU.Build.0 = Release|Any CPU
		{A71F0278-1E5D-4C13-8242-1BA68559A8BB}.Release|Mixed Platforms.ActiveCfg = Release|Any CPU
		{A71F0278-1E5D-4C13-8242-1BA68559A8BB}.Release|Mixed Platforms.Build.0 = Release|Any CPU
		{A71F0278-1E5D-4C13-8242-1BA68559A8BB}.Release|x86.ActiveCfg = Release|Any CPU
		{0618233A-C84F-49E2-9DA7-364160F68436}.Debug|Any CPU.ActiveCfg = Debug
		{0618233A-C84F-49E2-9DA7-364160F68436}.Debug|Any CPU.Build.0 = Debug
		{0618233A-C84F-49E2-9DA7-364160F68436}.Debug|Mixed Platforms.ActiveCfg = Debug
		{0618233A-C84F-49E2-9DA7-364160F68436}.Debug|Mixed Platforms.Build.0 = Debug
		{0618233A-C84F-49E2-9DA7-364160F68436}.Debug|x86.ActiveCfg = Debug
		{0618233A-C84F-49E2-9DA7-364160F68436}.Debug|x86.Build.0 = Debug
		{0618233A-C84F-49E2-9DA7-364160F68436}.Release|Any CPU.ActiveCfg = Release
		{0618233A-C84F-49E2-9DA7-364160F68436}.Release|Any CPU.Build.0 = Release
		{0618233A-C84F-49E2-9DA7-364160F68436}.Release|Mixed Platforms.ActiveCfg = Release
		{0618233A-C84F-49E2-9DA7-364160F68436}.Release|Mixed Platforms.Build.0 = Release
		{0618233A-C84F-49E2-9DA7-364160F68436}.Release|x86.ActiveCfg = Release
		{0618233A-C84F-49E2-9DA7-364160F68436}.Release|x86.Build.0 = Release
	EndGlobalSection
	GlobalSection(SolutionProperties) = preSolution
		HideSolutionNode = FALSE
	EndGlobalSection
	GlobalSection(ExtensibilityGlobals) = postSolution
		VisualSVNWorkingCopyRoot = .
	EndGlobalSection
EndGlobal
